Microsoft Visual Studio Solution File, Format Version 12.00
# Visual Studio 14
VisualStudioVersion = 14.0.25420.1
MinimumVisualStudioVersion = 10.0.40219.1
Project("{FAE04EC0-301F-11D3-BF4B-00C04F79EFBC}") = "BattleBotServer", "BattleBotServer\BattleBotServer.csproj", "{E7B4F976-D791-464B-A9CD-375EDDA3EFDF}"
EndProject
Project("{FAE04EC0-301F-11D3-BF4B-00C04F79EFBC}") = "BattleBotClientWPF", "BattleBotClientWPF\BattleBotClientWPF.csproj", "{023313C1-C93D-413A-BF2B-72A0D551DEEA}"
EndProject
Project("{8BC9CEB8-8B4A-11D0-8D11-00A0C91BC942}") = "BattleBotClientPSP", "BattleBotClientPSP\BattleBotClientPSP.vcxproj", "{87C8ACB4-C1C5-48AE-847D-AECC1D5CAFEF}"
EndProject
Project("{888888A0-9F3D-457C-B088-3A5042F75D52}") = "BattleBotServerPython", "BattleBotServerPython\BattleBotServerPython.pyproj", "{6066E422-1D2E-40A2-86F1-29535109D327}"
EndProject
Project("{FAE04EC0-301F-11D3-BF4B-00C04F79EFBC}") = "SimpleSocketClient", "SimpleSocketClient\SimpleSocketClient.csproj", "{51733E3A-3C9F-4246-A68B-FAE6FF5163FF}"
EndProject
Project("{888888A0-9F3D-457C-B088-3A5042F75D52}") = "BattleBotTestServerPythonWindows", "BattleBotTestServerPythonWindows\BattleBotTestServerPythonWindows.pyproj", "{B3F639B3-ECE3-43A8-AF94-6B554E3E56D0}"
EndProject
Project("{FAE04EC0-301F-11D3-BF4B-00C04F79EFBC}") = "BattleBotClientWin10IoT", "BattleBotClientWin10IoT\BattleBotClientWin10IoT.csproj", "{15C59A7C-C085-4613-82ED-C6EFD62A1F22}"
EndProject
Project("{888888A0-9F3D-457C-B088-3A5042F75D52}") = "SimpleServer", "SimpleServer\SimpleServer.pyproj", "{D627AD39-FCF6-4154-9821-F07C11A98C8C}"
EndProject
Project("{8BC9CEB8-8B4A-11D0-8D11-00A0C91BC942}") = "BattleBotServerArduino", "BattleBotServerArduino\BattleBotServerArduino.vcxproj", "{C5F80730-F44F-4478-BDAE-6634EFC2CA88}"
EndProject
Project("{8BC9CEB8-8B4A-11D0-8D11-00A0C91BC942}") = "BattleBotServerESP8266", "BattleBotServerESP8266\BattleBotServerESP8266.vcxproj", "{304D74C0-8CA9-4545-8858-0A93613A0E0C}"
EndProject
Global
	GlobalSection(SolutionConfigurationPlatforms) = preSolution
		Debug|Any CPU = Debug|Any CPU
		Debug|ARM = Debug|ARM
		Debug|x64 = Debug|x64
		Debug|x86 = Debug|x86
		Release|Any CPU = Release|Any CPU
		Release|ARM = Release|ARM
		Release|x64 = Release|x64
		Release|x86 = Release|x86
	EndGlobalSection
	GlobalSection(ProjectConfigurationPlatforms) = postSolution
		{E7B4F976-D791-464B-A9CD-375EDDA3EFDF}.Debug|Any CPU.ActiveCfg = Debug|Any CPU
		{E7B4F976-D791-464B-A9CD-375EDDA3EFDF}.Debug|Any CPU.Build.0 = Debug|Any CPU
		{E7B4F976-D791-464B-A9CD-375EDDA3EFDF}.Debug|ARM.ActiveCfg = Debug|Any CPU
		{E7B4F976-D791-464B-A9CD-375EDDA3EFDF}.Debug|ARM.Build.0 = Debug|Any CPU
		{E7B4F976-D791-464B-A9CD-375EDDA3EFDF}.Debug|x64.ActiveCfg = Debug|Any CPU
		{E7B4F976-D791-464B-A9CD-375EDDA3EFDF}.Debug|x64.Build.0 = Debug|Any CPU
		{E7B4F976-D791-464B-A9CD-375EDDA3EFDF}.Debug|x86.ActiveCfg = Debug|x86
		{E7B4F976-D791-464B-A9CD-375EDDA3EFDF}.Debug|x86.Build.0 = Debug|x86
		{E7B4F976-D791-464B-A9CD-375EDDA3EFDF}.Release|Any CPU.ActiveCfg = Release|Any CPU
		{E7B4F976-D791-464B-A9CD-375EDDA3EFDF}.Release|Any CPU.Build.0 = Release|Any CPU
		{E7B4F976-D791-464B-A9CD-375EDDA3EFDF}.Release|ARM.ActiveCfg = Release|Any CPU
		{E7B4F976-D791-464B-A9CD-375EDDA3EFDF}.Release|ARM.Build.0 = Release|Any CPU
		{E7B4F976-D791-464B-A9CD-375EDDA3EFDF}.Release|x64.ActiveCfg = Release|Any CPU
		{E7B4F976-D791-464B-A9CD-375EDDA3EFDF}.Release|x64.Build.0 = Release|Any CPU
		{E7B4F976-D791-464B-A9CD-375EDDA3EFDF}.Release|x86.ActiveCfg = Release|x86
		{E7B4F976-D791-464B-A9CD-375EDDA3EFDF}.Release|x86.Build.0 = Release|x86
		{023313C1-C93D-413A-BF2B-72A0D551DEEA}.Debug|Any CPU.ActiveCfg = Debug|x86
		{023313C1-C93D-413A-BF2B-72A0D551DEEA}.Debug|ARM.ActiveCfg = Debug|x86
		{023313C1-C93D-413A-BF2B-72A0D551DEEA}.Debug|x64.ActiveCfg = Debug|x86
		{023313C1-C93D-413A-BF2B-72A0D551DEEA}.Debug|x86.ActiveCfg = Debug|x86
		{023313C1-C93D-413A-BF2B-72A0D551DEEA}.Debug|x86.Build.0 = Debug|x86
		{023313C1-C93D-413A-BF2B-72A0D551DEEA}.Release|Any CPU.ActiveCfg = Release|x86
		{023313C1-C93D-413A-BF2B-72A0D551DEEA}.Release|ARM.ActiveCfg = Release|x86
		{023313C1-C93D-413A-BF2B-72A0D551DEEA}.Release|x64.ActiveCfg = Release|x86
		{023313C1-C93D-413A-BF2B-72A0D551DEEA}.Release|x86.ActiveCfg = Release|x86
		{023313C1-C93D-413A-BF2B-72A0D551DEEA}.Release|x86.Build.0 = Release|x86
		{87C8ACB4-C1C5-48AE-847D-AECC1D5CAFEF}.Debug|Any CPU.ActiveCfg = Debug|Win32
		{87C8ACB4-C1C5-48AE-847D-AECC1D5CAFEF}.Debug|Any CPU.Build.0 = Debug|Win32
		{87C8ACB4-C1C5-48AE-847D-AECC1D5CAFEF}.Debug|ARM.ActiveCfg = Debug|Win32
		{87C8ACB4-C1C5-48AE-847D-AECC1D5CAFEF}.Debug|x64.ActiveCfg = Debug|x64
		{87C8ACB4-C1C5-48AE-847D-AECC1D5CAFEF}.Debug|x64.Build.0 = Debug|x64
		{87C8ACB4-C1C5-48AE-847D-AECC1D5CAFEF}.Debug|x86.ActiveCfg = Debug|Win32
		{87C8ACB4-C1C5-48AE-847D-AECC1D5CAFEF}.Release|Any CPU.ActiveCfg = Release|Win32
		{87C8ACB4-C1C5-48AE-847D-AECC1D5CAFEF}.Release|ARM.ActiveCfg = Release|Win32
		{87C8ACB4-C1C5-48AE-847D-AECC1D5CAFEF}.Release|x64.ActiveCfg = Release|x64
		{87C8ACB4-C1C5-48AE-847D-AECC1D5CAFEF}.Release|x64.Build.0 = Release|x64
		{87C8ACB4-C1C5-48AE-847D-AECC1D5CAFEF}.Release|x86.ActiveCfg = Release|Win32
		{87C8ACB4-C1C5-48AE-847D-AECC1D5CAFEF}.Release|x86.Build.0 = Release|Win32
		{6066E422-1D2E-40A2-86F1-29535109D327}.Debug|Any CPU.ActiveCfg = Debug|Any CPU
		{6066E422-1D2E-40A2-86F1-29535109D327}.Debug|ARM.ActiveCfg = Debug|Any CPU
		{6066E422-1D2E-40A2-86F1-29535109D327}.Debug|x64.ActiveCfg = Debug|Any CPU
		{6066E422-1D2E-40A2-86F1-29535109D327}.Debug|x86.ActiveCfg = Debug|Any CPU
		{6066E422-1D2E-40A2-86F1-29535109D327}.Release|Any CPU.ActiveCfg = Release|Any CPU
		{6066E422-1D2E-40A2-86F1-29535109D327}.Release|ARM.ActiveCfg = Release|Any CPU
		{6066E422-1D2E-40A2-86F1-29535109D327}.Release|x64.ActiveCfg = Release|Any CPU
		{6066E422-1D2E-40A2-86F1-29535109D327}.Release|x86.ActiveCfg = Release|Any CPU
		{51733E3A-3C9F-4246-A68B-FAE6FF5163FF}.Debug|Any CPU.ActiveCfg = Debug|Any CPU
		{51733E3A-3C9F-4246-A68B-FAE6FF5163FF}.Debug|Any CPU.Build.0 = Debug|Any CPU
		{51733E3A-3C9F-4246-A68B-FAE6FF5163FF}.Debug|ARM.ActiveCfg = Debug|Any CPU
		{51733E3A-3C9F-4246-A68B-FAE6FF5163FF}.Debug|ARM.Build.0 = Debug|Any CPU
		{51733E3A-3C9F-4246-A68B-FAE6FF5163FF}.Debug|x64.ActiveCfg = Debug|Any CPU
		{51733E3A-3C9F-4246-A68B-FAE6FF5163FF}.Debug|x64.Build.0 = Debug|Any CPU
		{51733E3A-3C9F-4246-A68B-FAE6FF5163FF}.Debug|x86.ActiveCfg = Debug|Any CPU
		{51733E3A-3C9F-4246-A68B-FAE6FF5163FF}.Debug|x86.Build.0 = Debug|Any CPU
		{51733E3A-3C9F-4246-A68B-FAE6FF5163FF}.Release|Any CPU.ActiveCfg = Release|Any CPU
		{51733E3A-3C9F-4246-A68B-FAE6FF5163FF}.Release|Any CPU.Build.0 = Release|Any CPU
		{51733E3A-3C9F-4246-A68B-FAE6FF5163FF}.Release|ARM.ActiveCfg = Release|Any CPU
		{51733E3A-3C9F-4246-A68B-FAE6FF5163FF}.Release|ARM.Build.0 = Release|Any CPU
		{51733E3A-3C9F-4246-A68B-FAE6FF5163FF}.Release|x64.ActiveCfg = Release|Any CPU
		{51733E3A-3C9F-4246-A68B-FAE6FF5163FF}.Release|x64.Build.0 = Release|Any CPU
		{51733E3A-3C9F-4246-A68B-FAE6FF5163FF}.Release|x86.ActiveCfg = Release|Any CPU
		{51733E3A-3C9F-4246-A68B-FAE6FF5163FF}.Release|x86.Build.0 = Release|Any CPU
		{B3F639B3-ECE3-43A8-AF94-6B554E3E56D0}.Debug|Any CPU.ActiveCfg = Debug|Any CPU
		{B3F639B3-ECE3-43A8-AF94-6B554E3E56D0}.Debug|ARM.ActiveCfg = Debug|Any CPU
		{B3F639B3-ECE3-43A8-AF94-6B554E3E56D0}.Debug|x64.ActiveCfg = Debug|Any CPU
		{B3F639B3-ECE3-43A8-AF94-6B554E3E56D0}.Debug|x86.ActiveCfg = Debug|Any CPU
		{B3F639B3-ECE3-43A8-AF94-6B554E3E56D0}.Release|Any CPU.ActiveCfg = Release|Any CPU
		{B3F639B3-ECE3-43A8-AF94-6B554E3E56D0}.Release|ARM.ActiveCfg = Release|Any CPU
		{B3F639B3-ECE3-43A8-AF94-6B554E3E56D0}.Release|x64.ActiveCfg = Release|Any CPU
		{B3F639B3-ECE3-43A8-AF94-6B554E3E56D0}.Release|x86.ActiveCfg = Release|Any CPU
		{15C59A7C-C085-4613-82ED-C6EFD62A1F22}.Debug|Any CPU.ActiveCfg = Debug|x86
		{15C59A7C-C085-4613-82ED-C6EFD62A1F22}.Debug|Any CPU.Build.0 = Debug|x86
		{15C59A7C-C085-4613-82ED-C6EFD62A1F22}.Debug|Any CPU.Deploy.0 = Debug|x86
		{15C59A7C-C085-4613-82ED-C6EFD62A1F22}.Debug|ARM.ActiveCfg = Debug|ARM
		{15C59A7C-C085-4613-82ED-C6EFD62A1F22}.Debug|ARM.Build.0 = Debug|ARM
		{15C59A7C-C085-4613-82ED-C6EFD62A1F22}.Debug|ARM.Deploy.0 = Debug|ARM
		{15C59A7C-C085-4613-82ED-C6EFD62A1F22}.Debug|x64.ActiveCfg = Debug|x64
		{15C59A7C-C085-4613-82ED-C6EFD62A1F22}.Debug|x64.Build.0 = Debug|x64
		{15C59A7C-C085-4613-82ED-C6EFD62A1F22}.Debug|x64.Deploy.0 = Debug|x64
		{15C59A7C-C085-4613-82ED-C6EFD62A1F22}.Debug|x86.ActiveCfg = Debug|x86
		{15C59A7C-C085-4613-82ED-C6EFD62A1F22}.Debug|x86.Build.0 = Debug|x86
		{15C59A7C-C085-4613-82ED-C6EFD62A1F22}.Debug|x86.Deploy.0 = Debug|x86
		{15C59A7C-C085-4613-82ED-C6EFD62A1F22}.Release|Any CPU.ActiveCfg = Release|x86
		{15C59A7C-C085-4613-82ED-C6EFD62A1F22}.Release|ARM.ActiveCfg = Release|ARM
		{15C59A7C-C085-4613-82ED-C6EFD62A1F22}.Release|ARM.Build.0 = Release|ARM
		{15C59A7C-C085-4613-82ED-C6EFD62A1F22}.Release|ARM.Deploy.0 = Release|ARM
		{15C59A7C-C085-4613-82ED-C6EFD62A1F22}.Release|x64.ActiveCfg = Release|x64
		{15C59A7C-C085-4613-82ED-C6EFD62A1F22}.Release|x64.Build.0 = Release|x64
		{15C59A7C-C085-4613-82ED-C6EFD62A1F22}.Release|x64.Deploy.0 = Release|x64
		{15C59A7C-C085-4613-82ED-C6EFD62A1F22}.Release|x86.ActiveCfg = Release|x86
		{15C59A7C-C085-4613-82ED-C6EFD62A1F22}.Release|x86.Build.0 = Release|x86
		{15C59A7C-C085-4613-82ED-C6EFD62A1F22}.Release|x86.Deploy.0 = Release|x86
		{D627AD39-FCF6-4154-9821-F07C11A98C8C}.Debug|Any CPU.ActiveCfg = Debug|Any CPU
		{D627AD39-FCF6-4154-9821-F07C11A98C8C}.Debug|ARM.ActiveCfg = Debug|Any CPU
		{D627AD39-FCF6-4154-9821-F07C11A98C8C}.Debug|x64.ActiveCfg = Debug|Any CPU
		{D627AD39-FCF6-4154-9821-F07C11A98C8C}.Debug|x86.ActiveCfg = Debug|Any CPU
		{D627AD39-FCF6-4154-9821-F07C11A98C8C}.Release|Any CPU.ActiveCfg = Release|Any CPU
		{D627AD39-FCF6-4154-9821-F07C11A98C8C}.Release|ARM.ActiveCfg = Release|Any CPU
		{D627AD39-FCF6-4154-9821-F07C11A98C8C}.Release|x64.ActiveCfg = Release|Any CPU
		{D627AD39-FCF6-4154-9821-F07C11A98C8C}.Release|x86.ActiveCfg = Release|Any CPU
		{C5F80730-F44F-4478-BDAE-6634EFC2CA88}.Debug|Any CPU.ActiveCfg = Debug|Win32
		{C5F80730-F44F-4478-BDAE-6634EFC2CA88}.Debug|Any CPU.Build.0 = Debug|Win32
		{C5F80730-F44F-4478-BDAE-6634EFC2CA88}.Debug|ARM.ActiveCfg = Debug|Win32
		{C5F80730-F44F-4478-BDAE-6634EFC2CA88}.Debug|x64.ActiveCfg = Debug|Win32
		{C5F80730-F44F-4478-BDAE-6634EFC2CA88}.Debug|x86.ActiveCfg = Debug|Win32
		{C5F80730-F44F-4478-BDAE-6634EFC2CA88}.Debug|x86.Build.0 = Debug|Win32
		{C5F80730-F44F-4478-BDAE-6634EFC2CA88}.Release|Any CPU.ActiveCfg = Release|Win32
		{C5F80730-F44F-4478-BDAE-6634EFC2CA88}.Release|ARM.ActiveCfg = Release|Win32
		{C5F80730-F44F-4478-BDAE-6634EFC2CA88}.Release|x64.ActiveCfg = Release|Win32
		{C5F80730-F44F-4478-BDAE-6634EFC2CA88}.Release|x86.ActiveCfg = Release|Win32
		{C5F80730-F44F-4478-BDAE-6634EFC2CA88}.Release|x86.Build.0 = Release|Win32
		{304D74C0-8CA9-4545-8858-0A93613A0E0C}.Debug|Any CPU.ActiveCfg = Debug|Win32
		{304D74C0-8CA9-4545-8858-0A93613A0E0C}.Debug|Any CPU.Build.0 = Debug|Win32
		{304D74C0-8CA9-4545-8858-0A93613A0E0C}.Debug|ARM.ActiveCfg = Debug|Win32
		{304D74C0-8CA9-4545-8858-0A93613A0E0C}.Debug|x64.ActiveCfg = Debug|Win32
		{304D74C0-8CA9-4545-8858-0A93613A0E0C}.Debug|x86.ActiveCfg = Debug|Win32
		{304D74C0-8CA9-4545-8858-0A93613A0E0C}.Debug|x86.Build.0 = Debug|Win32
		{304D74C0-8CA9-4545-8858-0A93613A0E0C}.Release|Any CPU.ActiveCfg = Release|Win32
		{304D74C0-8CA9-4545-8858-0A93613A0E0C}.Release|ARM.ActiveCfg = Release|Win32
		{304D74C0-8CA9-4545-8858-0A93613A0E0C}.Release|x64.ActiveCfg = Release|Win32
		{304D74C0-8CA9-4545-8858-0A93613A0E0C}.Release|x86.ActiveCfg = Release|Win32
		{304D74C0-8CA9-4545-8858-0A93613A0E0C}.Release|x86.Build.0 = Release|Win32
	EndGlobalSection
	GlobalSection(SolutionProperties) = preSolution
		HideSolutionNode = FALSE
	EndGlobalSection
EndGlobal
