<?xml version="1.0" encoding="utf-8"?>
<Project ToolsVersion="4.0" xmlns="http://schemas.microsoft.com/developer/msbuild/2003">
  <ItemGroup>
    <Filter Include="Source Files">
      <UniqueIdentifier>{4FC737F1-C7A5-4376-A066-2A32D752A2FF}</UniqueIdentifier>
      <Extensions>cpp;c;cc;cxx;def;odl;idl;hpj;bat;asm;asmx</Extensions>
    </Filter>
    <Filter Include="Header Files">
      <UniqueIdentifier>{93995380-89BD-4b04-88EB-625FBE52EBFB}</UniqueIdentifier>
      <Extensions>h;hh;hpp;hxx;hm;inl;inc;xsd</Extensions>
    </Filter>
    <Filter Include="Resource Files">
      <UniqueIdentifier>{67DA6AB6-F800-4c08-8B7A-83BB121AAD01}</UniqueIdentifier>
      <Extensions>rc;ico;cur;bmp;dlg;rc2;rct;bin;rgs;gif;jpg;jpeg;jpe;resx;tiff;tif;png;wav;mfcribbon-ms</Extensions>
    </Filter>
    <Filter Include="src">
      <UniqueIdentifier>{10ce1535-fce8-4350-bc82-9ec995850bda}</UniqueIdentifier>
    </Filter>
    <Filter Include="src\_micro-api-readonly">
      <UniqueIdentifier>{de45ef82-77cd-43f1-8ba1-1f6eebc473d5}</UniqueIdentifier>
    </Filter>
    <Filter Include="src\_micro-api-readonly\core">
      <UniqueIdentifier>{7f966bff-1c4c-41a2-b957-7e81e4e57e22}</UniqueIdentifier>
    </Filter>
    <Filter Include="src\_micro-api-readonly\variants">
      <UniqueIdentifier>{3eaa9ff8-405a-4e45-9386-f2c8bac789d5}</UniqueIdentifier>
    </Filter>
    <Filter Include="src\_micro-api-readonly\variants\mega">
      <UniqueIdentifier>{76656eb6-1a99-4f55-8005-8ff3c8507ea1}</UniqueIdentifier>
    </Filter>
    <Filter Include="src\_micro-api-readonly\libraries">
      <UniqueIdentifier>{53ae0b78-598e-4352-804a-0f0270c20e8f}</UniqueIdentifier>
    </Filter>
    <Filter Include="src\_micro-api-readonly\libraries\Adafruit_BMP085_Library">
      <UniqueIdentifier>{913572c9-f5f3-49b2-b215-79537286e5ee}</UniqueIdentifier>
    </Filter>
    <Filter Include="src\_micro-api-readonly\libraries\Adafruit_LSM303DLHC">
      <UniqueIdentifier>{635d7d43-bb68-43cd-9e20-95094743c6c2}</UniqueIdentifier>
    </Filter>
    <Filter Include="src\_micro-api-readonly\libraries\Adafruit_Sensor">
      <UniqueIdentifier>{3ae38838-aa55-413c-b761-e3b86b45db77}</UniqueIdentifier>
    </Filter>
    <Filter Include="src\_micro-api-readonly\libraries\ArduinoThread">
      <UniqueIdentifier>{68789d01-3ab2-48c2-9c39-cf3c52ae3c45}</UniqueIdentifier>
    </Filter>
    <Filter Include="src\_micro-api-readonly\libraries\DualVNH5019MotorShield">
      <UniqueIdentifier>{aa20e784-9c47-4028-9e28-8297820e95ec}</UniqueIdentifier>
    </Filter>
    <Filter Include="src\_micro-api-readonly\libraries\DualVNH5019MotorShieldMega">
      <UniqueIdentifier>{b14a49e3-b707-497a-92ea-f035e4bfd8a6}</UniqueIdentifier>
    </Filter>
    <Filter Include="src\_micro-api-readonly\libraries\L3G">
      <UniqueIdentifier>{0fd1a451-3441-49b2-ab16-7a7d8b9c71ee}</UniqueIdentifier>
    </Filter>
    <Filter Include="src\_micro-api-readonly\libraries\Servo">
      <UniqueIdentifier>{bd80298a-f4e9-4fd2-aa69-3043043824b3}</UniqueIdentifier>
    </Filter>
    <Filter Include="src\_micro-api-readonly\libraries\Servo\src">
      <UniqueIdentifier>{b03ce701-1c03-4f22-8fcf-5071f7546308}</UniqueIdentifier>
    </Filter>
    <Filter Include="src\_micro-api-readonly\libraries\Servo\src\avr">
      <UniqueIdentifier>{740ee77d-e67c-40ce-bbd2-81fac8868a8b}</UniqueIdentifier>
    </Filter>
    <Filter Include="src\_micro-api-readonly\libraries\Servo\src\sam">
      <UniqueIdentifier>{5bf891a1-3969-4a3c-9726-14de75c79860}</UniqueIdentifier>
    </Filter>
    <Filter Include="src\_micro-api-readonly\libraries\Servo\src\samd">
      <UniqueIdentifier>{5a94c1e1-0f4a-422e-a95c-e68f66d5f8a6}</UniqueIdentifier>
    </Filter>
    <Filter Include="src\_micro-api-readonly\libraries\TimerOne">
      <UniqueIdentifier>{c11f9bbf-3a28-4e07-96d2-fc6f26030dc9}</UniqueIdentifier>
    </Filter>
    <Filter Include="src\_micro-api-readonly\libraries\Wire">
      <UniqueIdentifier>{0f1548c2-8dd7-44fd-a238-fec4b66e7340}</UniqueIdentifier>
    </Filter>
    <Filter Include="src\_micro-api-readonly\libraries\Wire\src">
      <UniqueIdentifier>{e262b595-ed03-4b16-8cff-e6477845cffc}</UniqueIdentifier>
    </Filter>
    <Filter Include="src\_micro-api-readonly\libraries\Wire\src\utility">
      <UniqueIdentifier>{47ac1e52-41bb-4bf3-86e5-747380d6fcc3}</UniqueIdentifier>
    </Filter>
  </ItemGroup>
  <ItemGroup>
    <None Include="BattleBotServerArduino.ino" />
    <None Include="C:\Users\Natsuki\AppData\Local\arduino15\packages\arduino\hardware\avr\1.6.15\cores\arduino\wiring_pulse.S" />
  </ItemGroup>
  <ItemGroup>
    <ClInclude Include="__vm\.BattleBotServerArduino.vsarduino.h">
      <Filter>Header Files</Filter>
    </ClInclude>
    <ClInclude Include="BattleBotComBytes.h">
      <Filter>Header Files</Filter>
    </ClInclude>
    <ClInclude Include="C:\Program Files (x86)\Arduino\libraries\Servo\src\avr\ServoTimers.h">
      <Filter>Header Files</Filter>
    </ClInclude>
    <ClInclude Include="C:\Program Files (x86)\Arduino\libraries\Servo\src\samd\ServoTimers.h">
      <Filter>Header Files</Filter>
    </ClInclude>
    <ClInclude Include="C:\Program Files (x86)\Arduino\libraries\Servo\src\sam\ServoTimers.h">
      <Filter>Header Files</Filter>
    </ClInclude>
    <ClInclude Include="C:\Program Files (x86)\Arduino\libraries\Servo\src\Servo.h">
      <Filter>Header Files</Filter>
    </ClInclude>
    <ClInclude Include="C:\Users\Natsuki\AppData\Local\arduino15\packages\arduino\hardware\avr\1.6.15\cores\arduino\Arduino.h">
      <Filter>Header Files</Filter>
    </ClInclude>
    <ClInclude Include="C:\Users\Natsuki\AppData\Local\arduino15\packages\arduino\hardware\avr\1.6.15\cores\arduino\binary.h">
      <Filter>Header Files</Filter>
    </ClInclude>
    <ClInclude Include="C:\Users\Natsuki\AppData\Local\arduino15\packages\arduino\hardware\avr\1.6.15\cores\arduino\Client.h">
      <Filter>Header Files</Filter>
    </ClInclude>
    <ClInclude Include="C:\Users\Natsuki\AppData\Local\arduino15\packages\arduino\hardware\avr\1.6.15\cores\arduino\HardwareSerial.h">
      <Filter>Header Files</Filter>
    </ClInclude>
    <ClInclude Include="C:\Users\Natsuki\AppData\Local\arduino15\packages\arduino\hardware\avr\1.6.15\cores\arduino\HardwareSerial_private.h">
      <Filter>Header Files</Filter>
    </ClInclude>
    <ClInclude Include="C:\Users\Natsuki\AppData\Local\arduino15\packages\arduino\hardware\avr\1.6.15\cores\arduino\IPAddress.h">
      <Filter>Header Files</Filter>
    </ClInclude>
    <ClInclude Include="C:\Users\Natsuki\AppData\Local\arduino15\packages\arduino\hardware\avr\1.6.15\cores\arduino\new.h">
      <Filter>Header Files</Filter>
    </ClInclude>
    <ClInclude Include="C:\Users\Natsuki\AppData\Local\arduino15\packages\arduino\hardware\avr\1.6.15\cores\arduino\PluggableUSB.h">
      <Filter>Header Files</Filter>
    </ClInclude>
    <ClInclude Include="C:\Users\Natsuki\AppData\Local\arduino15\packages\arduino\hardware\avr\1.6.15\cores\arduino\Print.h">
      <Filter>Header Files</Filter>
    </ClInclude>
    <ClInclude Include="C:\Users\Natsuki\AppData\Local\arduino15\packages\arduino\hardware\avr\1.6.15\cores\arduino\Printable.h">
      <Filter>Header Files</Filter>
    </ClInclude>
    <ClInclude Include="C:\Users\Natsuki\AppData\Local\arduino15\packages\arduino\hardware\avr\1.6.15\cores\arduino\Server.h">
      <Filter>Header Files</Filter>
    </ClInclude>
    <ClInclude Include="C:\Users\Natsuki\AppData\Local\arduino15\packages\arduino\hardware\avr\1.6.15\cores\arduino\Stream.h">
      <Filter>Header Files</Filter>
    </ClInclude>
    <ClInclude Include="C:\Users\Natsuki\AppData\Local\arduino15\packages\arduino\hardware\avr\1.6.15\cores\arduino\Udp.h">
      <Filter>Header Files</Filter>
    </ClInclude>
    <ClInclude Include="C:\Users\Natsuki\AppData\Local\arduino15\packages\arduino\hardware\avr\1.6.15\cores\arduino\USBAPI.h">
      <Filter>Header Files</Filter>
    </ClInclude>
    <ClInclude Include="C:\Users\Natsuki\AppData\Local\arduino15\packages\arduino\hardware\avr\1.6.15\cores\arduino\USBCore.h">
      <Filter>Header Files</Filter>
    </ClInclude>
    <ClInclude Include="C:\Users\Natsuki\AppData\Local\arduino15\packages\arduino\hardware\avr\1.6.15\cores\arduino\USBDesc.h">
      <Filter>Header Files</Filter>
    </ClInclude>
    <ClInclude Include="C:\Users\Natsuki\AppData\Local\arduino15\packages\arduino\hardware\avr\1.6.15\cores\arduino\WCharacter.h">
      <Filter>Header Files</Filter>
    </ClInclude>
    <ClInclude Include="C:\Users\Natsuki\AppData\Local\arduino15\packages\arduino\hardware\avr\1.6.15\cores\arduino\wiring_private.h">
      <Filter>Header Files</Filter>
    </ClInclude>
    <ClInclude Include="C:\Users\Natsuki\AppData\Local\arduino15\packages\arduino\hardware\avr\1.6.15\cores\arduino\WString.h">
      <Filter>Header Files</Filter>
    </ClInclude>
    <ClInclude Include="C:\Users\Natsuki\AppData\Local\arduino15\packages\arduino\hardware\avr\1.6.15\libraries\Wire\src\utility\twi.h">
      <Filter>Header Files</Filter>
    </ClInclude>
    <ClInclude Include="C:\Users\Natsuki\AppData\Local\arduino15\packages\arduino\hardware\avr\1.6.15\libraries\Wire\src\Wire.h">
      <Filter>Header Files</Filter>
    </ClInclude>
    <ClInclude Include="C:\Users\Natsuki\AppData\Local\arduino15\packages\arduino\hardware\avr\1.6.15\variants\mega\pins_arduino.h">
      <Filter>Header Files</Filter>
    </ClInclude>
    <ClInclude Include="C:\Program Files (x86)\Arduino\libraries\Adafruit_BMP085_Library\Adafruit_BMP085.h">
      <Filter>Header Files</Filter>
    </ClInclude>
    <ClInclude Include="C:\Program Files (x86)\Arduino\libraries\Adafruit_LSM303DLHC\Adafruit_LSM303.h">
      <Filter>Header Files</Filter>
    </ClInclude>
    <ClInclude Include="C:\Program Files (x86)\Arduino\libraries\Adafruit_LSM303DLHC\Adafruit_LSM303_U.h">
      <Filter>Header Files</Filter>
    </ClInclude>
    <ClInclude Include="C:\Program Files (x86)\Arduino\libraries\Adafruit_Sensor\Adafruit_Sensor.h">
      <Filter>Header Files</Filter>
    </ClInclude>
    <ClInclude Include="C:\Program Files (x86)\Arduino\libraries\ArduinoThread\StaticThreadController.h">
      <Filter>Header Files</Filter>
    </ClInclude>
    <ClInclude Include="C:\Program Files (x86)\Arduino\libraries\ArduinoThread\Thread.h">
      <Filter>Header Files</Filter>
    </ClInclude>
    <ClInclude Include="C:\Program Files (x86)\Arduino\libraries\ArduinoThread\ThreadController.h">
      <Filter>Header Files</Filter>
    </ClInclude>
    <ClInclude Include="C:\Program Files (x86)\Arduino\libraries\DualVNH5019MotorShieldMega\DualVNH5019MotorShieldMega.h">
      <Filter>Header Files</Filter>
    </ClInclude>
    <ClInclude Include="C:\Program Files (x86)\Arduino\libraries\DualVNH5019MotorShield\DualVNH5019MotorShield.h">
      <Filter>Header Files</Filter>
    </ClInclude>
    <ClInclude Include="C:\Program Files (x86)\Arduino\libraries\L3G\L3G.h">
      <Filter>Header Files</Filter>
    </ClInclude>
    <ClInclude Include="C:\Program Files (x86)\Arduino\libraries\TimerOne\TimerOne.h">
      <Filter>Header Files</Filter>
    </ClInclude>
  </ItemGroup>
  <ItemGroup>
    <ClCompile Include="C:\Program Files (x86)\Arduino\libraries\Servo\src\avr\Servo.cpp">
      <Filter>Source Files</Filter>
    </ClCompile>
    <ClCompile Include="C:\Program Files (x86)\Arduino\libraries\Servo\src\samd\Servo.cpp">
      <Filter>Source Files</Filter>
    </ClCompile>
    <ClCompile Include="C:\Program Files (x86)\Arduino\libraries\Servo\src\sam\Servo.cpp">
      <Filter>Source Files</Filter>
    </ClCompile>
    <ClCompile Include="C:\Users\Natsuki\AppData\Local\arduino15\packages\arduino\hardware\avr\1.6.15\cores\arduino\abi.cpp">
      <Filter>Source Files</Filter>
    </ClCompile>
    <ClCompile Include="C:\Users\Natsuki\AppData\Local\arduino15\packages\arduino\hardware\avr\1.6.15\cores\arduino\CDC.cpp">
      <Filter>Source Files</Filter>
    </ClCompile>
    <ClCompile Include="C:\Users\Natsuki\AppData\Local\arduino15\packages\arduino\hardware\avr\1.6.15\cores\arduino\HardwareSerial.cpp">
      <Filter>Source Files</Filter>
    </ClCompile>
    <ClCompile Include="C:\Users\Natsuki\AppData\Local\arduino15\packages\arduino\hardware\avr\1.6.15\cores\arduino\HardwareSerial0.cpp">
      <Filter>Source Files</Filter>
    </ClCompile>
    <ClCompile Include="C:\Users\Natsuki\AppData\Local\arduino15\packages\arduino\hardware\avr\1.6.15\cores\arduino\HardwareSerial1.cpp">
      <Filter>Source Files</Filter>
    </ClCompile>
    <ClCompile Include="C:\Users\Natsuki\AppData\Local\arduino15\packages\arduino\hardware\avr\1.6.15\cores\arduino\HardwareSerial2.cpp">
      <Filter>Source Files</Filter>
    </ClCompile>
    <ClCompile Include="C:\Users\Natsuki\AppData\Local\arduino15\packages\arduino\hardware\avr\1.6.15\cores\arduino\HardwareSerial3.cpp">
      <Filter>Source Files</Filter>
    </ClCompile>
    <ClCompile Include="C:\Users\Natsuki\AppData\Local\arduino15\packages\arduino\hardware\avr\1.6.15\cores\arduino\IPAddress.cpp">
      <Filter>Source Files</Filter>
    </ClCompile>
    <ClCompile Include="C:\Users\Natsuki\AppData\Local\arduino15\packages\arduino\hardware\avr\1.6.15\cores\arduino\main.cpp">
      <Filter>Source Files</Filter>
    </ClCompile>
    <ClCompile Include="C:\Users\Natsuki\AppData\Local\arduino15\packages\arduino\hardware\avr\1.6.15\cores\arduino\new.cpp">
      <Filter>Source Files</Filter>
    </ClCompile>
    <ClCompile Include="C:\Users\Natsuki\AppData\Local\arduino15\packages\arduino\hardware\avr\1.6.15\cores\arduino\PluggableUSB.cpp">
      <Filter>Source Files</Filter>
    </ClCompile>
    <ClCompile Include="C:\Users\Natsuki\AppData\Local\arduino15\packages\arduino\hardware\avr\1.6.15\cores\arduino\Print.cpp">
      <Filter>Source Files</Filter>
    </ClCompile>
    <ClCompile Include="C:\Users\Natsuki\AppData\Local\arduino15\packages\arduino\hardware\avr\1.6.15\cores\arduino\Stream.cpp">
      <Filter>Source Files</Filter>
    </ClCompile>
    <ClCompile Include="C:\Users\Natsuki\AppData\Local\arduino15\packages\arduino\hardware\avr\1.6.15\cores\arduino\Tone.cpp">
      <Filter>Source Files</Filter>
    </ClCompile>
    <ClCompile Include="C:\Users\Natsuki\AppData\Local\arduino15\packages\arduino\hardware\avr\1.6.15\cores\arduino\USBCore.cpp">
      <Filter>Source Files</Filter>
    </ClCompile>
    <ClCompile Include="C:\Users\Natsuki\AppData\Local\arduino15\packages\arduino\hardware\avr\1.6.15\cores\arduino\WMath.cpp">
      <Filter>Source Files</Filter>
    </ClCompile>
    <ClCompile Include="C:\Users\Natsuki\AppData\Local\arduino15\packages\arduino\hardware\avr\1.6.15\cores\arduino\WString.cpp">
      <Filter>Source Files</Filter>
    </ClCompile>
    <ClCompile Include="C:\Users\Natsuki\AppData\Local\arduino15\packages\arduino\hardware\avr\1.6.15\libraries\Wire\src\utility\twi.c">
      <Filter>Source Files</Filter>
    </ClCompile>
    <ClCompile Include="C:\Users\Natsuki\AppData\Local\arduino15\packages\arduino\hardware\avr\1.6.15\libraries\Wire\src\Wire.cpp">
      <Filter>Source Files</Filter>
    </ClCompile>
    <ClCompile Include="C:\Program Files (x86)\Arduino\libraries\Adafruit_BMP085_Library\Adafruit_BMP085.cpp">
      <Filter>Source Files</Filter>
    </ClCompile>
    <ClCompile Include="C:\Program Files (x86)\Arduino\libraries\Adafruit_LSM303DLHC\Adafruit_LSM303_U.cpp">
      <Filter>Source Files</Filter>
    </ClCompile>
    <ClCompile Include="C:\Program Files (x86)\Arduino\libraries\ArduinoThread\Thread.cpp">
      <Filter>Source Files</Filter>
    </ClCompile>
    <ClCompile Include="C:\Program Files (x86)\Arduino\libraries\ArduinoThread\ThreadController.cpp">
      <Filter>Source Files</Filter>
    </ClCompile>
    <ClCompile Include="C:\Program Files (x86)\Arduino\libraries\DualVNH5019MotorShieldMega\DualVNH5019MotorShieldMega.cpp">
      <Filter>Source Files</Filter>
    </ClCompile>
    <ClCompile Include="C:\Program Files (x86)\Arduino\libraries\DualVNH5019MotorShield\DualVNH5019MotorShield.cpp">
      <Filter>Source Files</Filter>
    </ClCompile>
    <ClCompile Include="C:\Program Files (x86)\Arduino\libraries\L3G\L3G.cpp">
      <Filter>Source Files</Filter>
    </ClCompile>
    <ClCompile Include="C:\Program Files (x86)\Arduino\libraries\TimerOne\TimerOne.cpp">
      <Filter>Source Files</Filter>
    </ClCompile>
  </ItemGroup>
</Project>