<?xml version="1.0" encoding="utf-8"?>
<Project ToolsVersion="4.0" xmlns="http://schemas.microsoft.com/developer/msbuild/2003">
  <ItemGroup>
    <Filter Include="Source files">
      <UniqueIdentifier>{5c95561a-ad08-4d81-9ee8-54ceea22b304}</UniqueIdentifier>
      <Extensions>cpp;c;cc;cxx;def;odl;idl;hpj;bat;asm;asmx</Extensions>
    </Filter>
    <Filter Include="Header files">
      <UniqueIdentifier>{63add56d-fb40-4264-8667-82456745d199}</UniqueIdentifier>
      <Extensions>h;hpp;hxx;hm;inl;inc;xsd</Extensions>
    </Filter>
    <Filter Include="Resource files">
      <UniqueIdentifier>{239177bc-1af3-48e1-a5ab-be3341d7d33e}</UniqueIdentifier>
      <Extensions>rc;ico;cur;bmp;dlg;rc2;rct;bin;rgs;gif;jpg;jpeg;jpe;resx;tiff;tif;png;wav</Extensions>
    </Filter>
    <Filter Include="Java Source Files">
      <UniqueIdentifier>{0a1574cc-fc60-48d0-b5aa-173ad1abf3d3}</UniqueIdentifier>
      <Extensions>*.java</Extensions>
    </Filter>
    <Filter Include="Java Source Files\com">
      <UniqueIdentifier>{6f63c562-59ee-4054-bff1-0fff876bdbc9}</UniqueIdentifier>
    </Filter>
    <Filter Include="Java Source Files\com\github">
      <UniqueIdentifier>{bb2413b2-b951-4ef5-81cb-95982f574df9}</UniqueIdentifier>
    </Filter>
    <Filter Include="Java Source Files\com\github\starlightnl">
      <UniqueIdentifier>{ba3f0db0-4365-4a97-83f7-cf345ac543f9}</UniqueIdentifier>
    </Filter>
    <Filter Include="Java Source Files\com\github\starlightnl\battlebotclientandroid">
      <UniqueIdentifier>{7cab5936-ff09-47c7-8085-f5fcddd73979}</UniqueIdentifier>
    </Filter>
  </ItemGroup>
  <ItemGroup>
    <Xml Include="AndroidManifest.xml" />
  </ItemGroup>
  <ItemGroup>
    <None Include="jni\Android.mk" />
    <None Include="jni\Application.mk" />
    <None Include="src\com\github\starlightnl\battlebotclientandroid\BattleBotClientAndroid.java">
      <Filter>Java Source Files\com\github\starlightnl\battlebotclientandroid</Filter>
    </None>
  </ItemGroup>
  <ItemGroup>
    <ClCompile Include="jni\BattleBotClientAndroid.c">
      <Filter>Source files</Filter>
    </ClCompile>
  </ItemGroup>
</Project>